
Microsoft Visual Studio Solution File, Format Version 12.00
# Visual Studio Version 16
VisualStudioVersion = 16.0.31112.23
MinimumVisualStudioVersion = 10.0.40219.1
Project("{FAE04EC0-301F-11D3-BF4B-00C04F79EFBC}") = "FizjoMed", "FizjoMed\FizjoMed.csproj", "{72ADAE65-AF54-4460-8B8E-B45E1BD750D6}"
EndProject
Global
	GlobalSection(SolutionConfigurationPlatforms) = preSolution
		Debug|Any CPU = Debug|Any CPU
		Release|Any CPU = Release|Any CPU
	EndGlobalSection
	GlobalSection(ProjectConfigurationPlatforms) = postSolution
		{72ADAE65-AF54-4460-8B8E-B45E1BD750D6}.Debug|Any CPU.ActiveCfg = Debug|Any CPU
		{72ADAE65-AF54-4460-8B8E-B45E1BD750D6}.Debug|Any CPU.Build.0 = Debug|Any CPU
		{72ADAE65-AF54-4460-8B8E-B45E1BD750D6}.Release|Any CPU.ActiveCfg = Release|Any CPU
		{72ADAE65-AF54-4460-8B8E-B45E1BD750D6}.Release|Any CPU.Build.0 = Release|Any CPU
	EndGlobalSection
	GlobalSection(SolutionProperties) = preSolution
		HideSolutionNode = FALSE
	EndGlobalSection
	GlobalSection(ExtensibilityGlobals) = postSolution
		SolutionGuid = {E265EE81-55A7-4D72-BB60-6A475AABEC07}
	EndGlobalSection
EndGlobal
